
Microsoft Visual Studio Solution File, Format Version 12.00
# Visual Studio Version 17
VisualStudioVersion = 17.13.35919.96 d17.13
MinimumVisualStudioVersion = 10.0.40219.1
Project("{FAE04EC0-301F-11D3-BF4B-00C04F79EFBC}") = "recruitment_task", "recruitment_task.csproj", "{7B0E95D5-5BFA-4F75-8C11-DCBDC51F2473}"
EndProject
Global
	GlobalSection(SolutionConfigurationPlatforms) = preSolution
		Debug|Any CPU = Debug|Any CPU
		Release|Any CPU = Release|Any CPU
	EndGlobalSection
	GlobalSection(ProjectConfigurationPlatforms) = postSolution
		{7B0E95D5-5BFA-4F75-8C11-DCBDC51F2473}.Debug|Any CPU.ActiveCfg = Debug|Any CPU
		{7B0E95D5-5BFA-4F75-8C11-DCBDC51F2473}.Debug|Any CPU.Build.0 = Debug|Any CPU
		{7B0E95D5-5BFA-4F75-8C11-DCBDC51F2473}.Release|Any CPU.ActiveCfg = Release|Any CPU
		{7B0E95D5-5BFA-4F75-8C11-DCBDC51F2473}.Release|Any CPU.Build.0 = Release|Any CPU
	EndGlobalSection
	GlobalSection(SolutionProperties) = preSolution
		HideSolutionNode = FALSE
	EndGlobalSection
	GlobalSection(ExtensibilityGlobals) = postSolution
		SolutionGuid = {216AE9C9-1205-4D91-9E73-596E127E2418}
	EndGlobalSection
EndGlobal
